{
  "name": "workspace",
  "version": "0.0.0",
  "lockfileVersion": 3,
  "requires": true,
  "packages": {
    "": {
      "name": "workspace",
      "version": "0.0.0",
      "dependencies": {
        "@fastify/cookie": "^11.1.0",
        "@fastify/jwt": "^9.1.0",
        "@fastify/multipart": "^9.2.0",
        "@fastify/rate-limit": "^10.3.0",
        "argon2": "^0.41.1",
        "clsx": "^2.1.1",
        "colorthief": "^3.3.1",
        "date-fns": "^4.1.0",
        "dotenv": "^16.6.1",
        "fastify": "^5.6.0",
        "lucide-react": "^0.511.0",
        "pg": "^8.16.3",
        "react": "^18.3.1",
        "react-dom": "^18.3.1",
        "react-markdown": "^10.1.0",
        "react-router-dom": "^7.3.0",
        "recharts": "^3.8.1",
        "remark-gfm": "^4.0.1",
        "tailwind-merge": "^3.0.2",
        "zod": "^3.24.4",
        "zustand": "^5.0.3"
      },
      "devDependencies": {
        "@eslint/js": "^9.25.0",
        "@tailwindcss/typography": "^0.5.19",
        "@types/node": "^22.15.30",
        "@types/pg": "^8.20.0",
        "@types/react": "^18.3.12",
        "@types/react-dom": "^18.3.1",
        "@types/uuid": "^10.0.0",
        "@vitejs/plugin-react": "^4.4.1",
        "autoprefixer": "^10.4.21",
        "babel-plugin-react-dev-locator": "^1.0.0",
        "eslint": "^9.25.0",
        "eslint-plugin-react-hooks": "^5.2.0",
        "eslint-plugin-react-refresh": "^0.4.19",
        "globals": "^16.0.0",
        "postcss": "^8.5.3",
        "tailwindcss": "^3.4.17",
        "tailwindcss-animate": "^1.0.7",
        "tsx": "^4.20.3",
        "typescript": "~5.8.3",
        "typescript-eslint": "^8.30.1",
        "vite": "^6.3.5",
        "vite-plugin-pwa": "^1.3.0",
        "vite-tsconfig-paths": "^5.1.4"
      }
    },
    "node_modules/@alloc/quick-lru": {
      "version": "5.2.0",
      "resolved": "https://registry.npmjs.org/@alloc/quick-lru/-/quick-lru-5.2.0.tgz",
      "integrity": "sha512-UrcABB+4bUrFABwbluTIBErXwvbsU/V7TZWfmbgJfbkwiBuziS9gxdODUyuiecfdGQ85jglMW6juS3+z5TsKLw==",
      "dev": true,
      "license": "MIT",
      "engines": {
        "node": ">=10"
      },
      "funding": {
        "url": "https://github.com/sponsors/sindresorhus"
      }
    },
    "node_modules/@babel/code-frame": {
      "version": "7.29.7",
      "resolved": "https://registry.npmmirror.com/@babel/code-frame/-/code-frame-7.29.7.tgz",
      "integrity": "sha512-Aup7aUOfpbAUg2ROOJN6Iw5f9DMBlzu0mIkm/malLQFN/YQgO48wCj0Kxa3sEHJvPVFg7siR+qRInwXd2qhQKw==",
      "dev": true,
      "license": "MIT",
      "dependencies": {
        "@babel/helper-validator-identifier": "^7.29.7",
        "js-tokens": "^4.0.0",
        "picocolors": "^1.1.1"
      },
      "engines": {
        "node": ">=6.9.0"
      }
    },
    "node_modules/@babel/compat-data": {
      "version": "7.29.7",
      "resolved": "https://registry.npmmirror.com/@babel/compat-data/-/compat-data-7.29.7.tgz",
      "integrity": "sha512-locTkQyKvwIEgBzVrn8693ebc97F2U8ZHjbXwDXJ5Fn2TCpNwTlKcaKLkdHop5c/icOFE7qt7Q9JC5hnKNa6Gg==",
      "dev": true,
      "license": "MIT",
      "engines": {
        "node": ">=6.9.0"
      }
    },
    "node_modules/@babel/core": {
      "version": "7.29.0",
      "resolved": "https://registry.npmjs.org/@babel/core/-/core-7.29.0.tgz",
      "integrity": "sha512-CGOfOJqWjg2qW/Mb6zNsDm+u5vFQ8DxXfbM09z69p5Z6+mE1ikP2jUXw+j42Pf1XTYED2Rni5f95npYeuwMDQA==",
      "dev": true,
      "license": "MIT",
      "dependencies": {
        "@babel/code-frame": "^7.29.0",
        "@babel/generator": "^7.29.0",
        "@babel/helper-compilation-targets": "^7.28.6",
        "@babel/helper-module-transforms": "^7.28.6",
        "@babel/helpers": "^7.28.6",
        "@babel/parser": "^7.29.0",
        "@babel/template": "^7.28.6",
        "@babel/traverse": "^7.29.0",
        "@babel/types": "^7.29.0",
        "@jridgewell/remapping": "^2.3.5",
        "convert-source-map": "^2.0.0",
        "debug": "^4.1.0",
        "gensync": "^1.0.0-beta.2",
        "json5": "^2.2.3",
        "semver": "^6.3.1"
      },
      "engines": {
        "node": ">=6.9.0"
      },
      "funding": {
        "type": "opencollective",
        "url": "https://opencollective.com/babel"
      }
    },
    "node_modules/@babel/generator": {
      "version": "7.29.7",
      "resolved": "https://registry.npmmirror.com/@babel/generator/-/generator-7.29.7.tgz",
      "integrity": "sha512-DkXD5OJQaAQIdZ1bt3UZdEnHAn9Imd3IVBdX03UFe+ony9Ojw5pzr9YVKGDY1jt+Gcn/FnGkNf8r+Vj5NOJWtQ==",
      "dev": true,
      "license": "MIT",
      "dependencies": {
        "@babel/parser": "^7.29.7",
        "@babel/types": "^7.29.7",
        "@jridgewell/gen-mapping": "^0.3.12",
        "@jridgewell/trace-mapping": "^0.3.28",
        "jsesc": "^3.0.2"
      },
      "engines": {
        "node": ">=6.9.0"
      }
    },
    "node_modules/@babel/helper-annotate-as-pure": {
      "version": "7.29.7",
      "resolved": "https://registry.npmmirror.com/@babel/helper-annotate-as-pure/-/helper-annotate-as-pure-7.29.7.tgz",
      "integrity": "sha512-OoK6239jHPuSQOoS0kfTVKn0b/rVTk0seKq4Gd2UMLtmOVLjDC0ki3e+c90Trqv2gMfvJFqkiljrr568+qddiw==",
      "dev": true,
      "license": "MIT",
      "dependencies": {
        "@babel/types": "^7.29.7"
      },
      "engines": {
        "node": ">=6.9.0"
      }
    },
    "node_modules/@babel/helper-compilation-targets": {
      "version": "7.29.7",
      "resolved": "https://registry.npmmirror.com/@babel/helper-compilation-targets/-/helper-compilation-targets-7.29.7.tgz",
      "integrity": "sha512-wem6WaBj4NaVYVdNhLPPVacES6ZJ+KBBfSkTMD3YZxbP3rm3Di85tJU5ljaUNhaOynt+Aj0xruhYuzQBt8n71g==",
      "dev": true,
      "license": "MIT",
      "dependencies": {
        "@babel/compat-data": "^7.29.7",
        "@babel/helper-validator-option": "^7.29.7",
        "browserslist": "^4.24.0",
        "lru-cache": "^5.1.1",
        "semver": "^6.3.1"
      },
      "engines": {
        "node": ">=6.9.0"
      }
    },
    "node_modules/@babel/helper-create-class-features-plugin": {
      "version": "7.29.7",
      "resolved": "https://registry.npmmirror.com/@babel/helper-create-class-features-plugin/-/helper-create-class-features-plugin-7.29.7.tgz",
      "integrity": "sha512-IY3ZD9Tmooqr3TUhc3DUWxiuo8xx1DWLhd5M7hQ+ZWJamqM2BbalrBJb2MisSLoYorOj75U03qULCxQTY9r3hg==",
      "dev": true,
      "license": "MIT",
      "dependencies": {
        "@babel/helper-annotate-as-pure": "^7.29.7",
        "@babel/helper-member-expression-to-functions": "^7.29.7",
        "@babel/helper-optimise-call-expression": "^7.29.7",
        "@babel/helper-replace-supers": "^7.29.7",
        "@babel/helper-skip-transparent-expression-wrappers": "^7.29.7",
        "@babel/traverse": "^7.29.7",
        "semver": "^6.3.1"
      },
      "engines": {
        "node": ">=6.9.0"
      },
      "peerDependencies": {
        "@babel/core": "^7.0.0"
      }
    },
    "node_modules/@babel/helper-create-regexp-features-plugin": {
      "version": "7.29.7",
      "resolved": "https://registry.npmmirror.com/@babel/helper-create-regexp-features-plugin/-/helper-create-regexp-features-plugin-7.29.7.tgz",
      "integrity": "sha512-907Uymvqgg1dwUA+7IGwFAOSYzQOuzPXKNJ1yxzwPffzkYFg2q2eHi1fIOs6sXkG9NbIUMunnUlkYsfRFNvomg==",
      "dev": true,
      "license": "MIT",
      "dependencies": {
        "@babel/helper-annotate-as-pure": "^7.29.7",
        "regexpu-core": "^6.3.1",
        "semver": "^6.3.1"
      },
      "engines": {
        "node": ">=6.9.0"
      },
      "peerDependencies": {
        "@babel/core": "^7.0.0"
      }
    },
    "node_modules/@babel/helper-define-polyfill-provider": {
      "version": "0.6.8",
      "resolved": "https://registry.npmmirror.com/@babel/helper-define-polyfill-provider/-/helper-define-polyfill-provider-0.6.8.tgz",
      "integrity": "sha512-47UwBLPpQi1NoWzLuHNjRoHlYXMwIJoBf7MFou6viC/sIHWYygpvr0B6IAyh5sBdA2nr2LPIRww8lfaUVQINBA==",
      "dev": true,
      "license": "MIT",
      "dependencies": {
        "@babel/helper-compilation-targets": "^7.28.6",
        "@babel/helper-plugin-utils": "^7.28.6",
        "debug": "^4.4.3",
        "lodash.debounce": "^4.0.8",
        "resolve": "^1.22.11"
      },
      "peerDependencies": {
        "@babel/core": "^7.4.0 || ^8.0.0-0 <8.0.0"
      }
    },
    "node_modules/@babel/helper-globals": {
      "version": "7.29.7",
      "resolved": "https://registry.npmmirror.com/@babel/helper-globals/-/helper-globals-7.29.7.tgz",
      "integrity": "sha512-3nQVUAtvkKH9zahfWgw96Jc/uFOmjACE1kQz82E2lqWmHBgjzbNlsC22nuQTfahmWeQtTq5nQ/4Nnd2A1wj4zA==",
      "dev": true,
      "license": "MIT",
      "engines": {
        "node": ">=6.9.0"
      }
    },
    "node_modules/@babel/helper-member-expression-to-functions": {
      "version": "7.29.7",
      "resolved": "https://registry.npmmirror.com/@babel/helper-member-expression-to-functions/-/helper-member-expression-to-functions-7.29.7.tgz",
      "integrity": "sha512-j+7JYmk1JYDtACIGj0QJqqWZjoUpMoEikQGADMaHgCMCSDqd2+P32rfcibUNrGOMWrlzK1WJBdxrB3JJQZwWtg==",
      "dev": true,
      "license": "MIT",
      "dependencies": {
        "@babel/traverse": "^7.29.7",
        "@babel/types": "^7.29.7"
      },
      "engines": {
        "node": ">=6.9.0"
      }
    },
    "node_modules/@babel/helper-module-imports": {
      "version": "7.29.7",
      "resolved": "https://registry.npmmirror.com/@babel/helper-module-imports/-/helper-module-imports-7.29.7.tgz",
      "integrity": "sha512-ejHwrQQYcm9xnTivShn2IDOlIzInN34AXskvq9QicvCtEzq1Vzclu/tKF8Jq1Cg8JG2GL6/EmjgsCT7lXepE3g==",
      "dev": true,
      "license": "MIT",
      "dependencies": {
        "@babel/traverse": "^7.29.7",
        "@babel/types": "^7.29.7"
      },
      "engines": {
        "node": ">=6.9.0"
      }
    },
    "node_modules/@babel/helper-module-transforms": {
      "version": "7.29.7",
      "resolved": "https://registry.npmmirror.com/@babel/helper-module-transforms/-/helper-module-transforms-7.29.7.tgz",
      "integrity": "sha512-UPUVSyXbOh627KiCIGQSgwWzGeBKLkaJ9PJEdrngIwMSzxLR4jS4+f1f1jb7VzBbg8nFLaYotvVPFCTqdrmTAg==",
      "dev": true,
      "license": "MIT",
      "dependencies": {
        "@babel/helper-module-imports": "^7.29.7",
        "@babel/helper-validator-identifier": "^7.29.7",
        "@babel/traverse": "^7.29.7"
      },
      "engines": {
        "node": ">=6.9.0"
      },
      "peerDependencies": {
        "@babel/core": "^7.0.0"
      }
    },
    "node_modules/@babel/helper-optimise-call-expression": {
      "version": "7.29.7",
      "resolved": "https://registry.npmmirror.com/@babel/helper-optimise-call-expression/-/helper-optimise-call-expression-7.29.7.tgz",
      "integrity": "sha512-+kmGVjcT9RGYzoDwdwEqEvGgKe3BYq+O1iGzjFubaNgZHwYHP6lsF2Yghf4kEuv9BV7tYDZ913aBW9am6YKong==",
      "dev": true,
      "license": "MIT",
      "dependencies": {
        "@babel/types": "^7.29.7"
      },
      "engines": {
        "node": ">=6.9.0"
      }
    },
    "node_modules/@babel/helper-plugin-utils": {
      "version": "7.29.7",
      "resolved": "https://registry.npmmirror.com/@babel/helper-plugin-utils/-/helper-plugin-utils-7.29.7.tgz",
      "integrity": "sha512-G7sHYigPY17oO5SYWnfD/0MTBwVR781S/JI643e/JhUYgVgWE/61SoW3NH9KWUKyKq5LVh3npif99Wkt6j86Jw==",
      "dev": true,
      "license": "MIT",
      "engines": {
        "node": ">=6.9.0"
      }
    },
    "node_modules/@babel/helper-remap-async-to-generator": {
      "version": "7.29.7",
      "resolved": "https://registry.npmmirror.com/@babel/helper-remap-async-to-generator/-/helper-remap-async-to-generator-7.29.7.tgz",
      "integrity": "sha512-16AMiW26DbXWBbr3B8wNozKM0ydMLB892vaOaJW/fPJdnT8vJk5sdkQcU/isqUxyCE0cEoa8wZOcbgDuC4b6Og==",
      "dev": true,
      "license": "MIT",
      "dependencies": {
        "@babel/helper-annotate-as-pure": "^7.29.7",
        "@babel/helper-wrap-function": "^7.29.7",
        "@babel/traverse": "^7.29.7"
      },
      "engines": {
        "node": ">=6.9.0"
      },
      "peerDependencies": {
        "@babel/core": "^7.0.0"
      }
    },
    "node_modules/@babel/helper-replace-supers": {
      "version": "7.29.7",
      "resolved": "https://registry.npmmirror.com/@babel/helper-replace-supers/-/helper-replace-supers-7.29.7.tgz",
      "integrity": "sha512-atfGXWSeCiF4DnKZIfmJfQRkSw9b9gNNXR1kqKjbhG4pGYCOnkp8OcTB8E3NXjBu8NpheSnOeNKz8KT7UNFTmQ==",
      "dev": true,
      "license": "MIT",
      "dependencies": {
        "@babel/helper-member-expression-to-functions": "^7.29.7",
        "@babel/helper-optimise-call-expression": "^7.29.7",
        "@babel/traverse": "^7.29.7"
      },
      "engines": {
        "node": ">=6.9.0"
      },
      "peerDependencies": {
        "@babel/core": "^7.0.0"
      }
    },
    "node_modules/@babel/helper-skip-transparent-expression-wrappers": {
      "version": "7.29.7",
      "resolved": "https://registry.npmmirror.com/@babel/helper-skip-transparent-expression-wrappers/-/helper-skip-transparent-expression-wrappers-7.29.7.tgz",
      "integrity": "sha512-brcMGQaVzIeUb+6/bs1Av0f8YuNNjKY2JyvfRCsFuFsdKccEQ5Ges2y74D74NZ1Rz8lKJ9ksJkfqwQFJ/iNEyQ==",
      "dev": true,
      "license": "MIT",
      "dependencies": {
        "@babel/traverse": "^7.29.7",
        "@babel/types": "^7.29.7"
      },
      "engines": {
        "node": ">=6.9.0"
      }
    },
    "node_modules/@babel/helper-string-parser": {
      "version": "7.29.7",
      "resolved": "https://registry.npmmirror.com/@babel/helper-string-parser/-/helper-string-parser-7.29.7.tgz",
      "integrity": "sha512-Pb5ijPrZ89GDH8223L4UP8i6QApWxs04RbPQJTeWDV0/keR2E36MeKnyr6LYmUUvqRRI+Iv87SuF1W6ErINzYw==",
      "dev": true,
      "license": "MIT",
      "engines": {
        "node": ">=6.9.0"
      }
    },
    "node_modules/@babel/helper-validator-identifier": {
      "version": "7.29.7",
      "resolved": "https://registry.npmmirror.com/@babel/helper-validator-identifier/-/helper-validator-identifier-7.29.7.tgz",
      "integrity": "sha512-qehxGkRj55h/ff8EMaJ+cYhyaKlHIxqYDn682wQD7RNp9UujOQsHog2uS0r2vzr4pW+sXf90NeeayjcNaX3fFg==",
      "dev": true,
      "license": "MIT",
      "engines": {
        "node": ">=6.9.0"
      }
    },
    "node_modules/@babel/helper-validator-option": {
      "version": "7.29.7",
      "resolved": "https://registry.npmmirror.com/@babel/helper-validator-option/-/helper-validator-option-7.29.7.tgz",
      "integrity": "sha512-N9ZErrD+yW5geCDtBqnOoxmR8+tNKiGuxKlDpuJxfsqpa2dFcexaziGAE/qoHLiDDreVNMupxGmSoNlyvsA3gw==",
      "dev": true,
      "license": "MIT",
      "engines": {
        "node": ">=6.9.0"
      }
    },
    "node_modules/@babel/helper-wrap-function": {
      "version": "7.29.7",
      "resolved": "https://registry.npmmirror.com/@babel/helper-wrap-function/-/helper-wrap-function-7.29.7.tgz",
      "integrity": "sha512-iES0Skag9ERIF68aXadpO6dbXa03mNWK3sEqJaMnLNs/eC3l0lkImdfoy6Y09/SfkpawdAB4RjQ7PVA7TcVGdw==",
      "dev": true,
      "license": "MIT",
      "dependencies": {
        "@babel/template": "^7.29.7",
        "@babe×~wë{h‘éì¶»§q«^t€€€€‰¥ÌµÉ••àˆè€‰xÄ¸È¸Äˆ°(€€€€€€€€‰¥Ìµİ•…­É•˜ˆè€‰xÄ¸À¸Èˆ°(€€€€€€€€‰¥Í…ÉÉ…äˆè€‰xÈ¸À¸Ôˆ°(€€€€€€€€‰İ¡¥ µ‰½á•µÁÉ¥µ¥Ñ¥Ù”ˆè€‰xÄ¸Ä¸Àˆ°(€€€€€€€€‰İ¡¥ µ½±±•Ñ¥½¸ˆè€‰xÄ¸À¸Èˆ°(€€€€€€€€‰İ¡¥ µÑåÁ•µ…ÉÉ…äˆè€‰xÄ¸Ä¸ÄØˆ(€€€€€ô°(€€€€€€‰•¹¥¹•Ìˆèì(€€€€€€€€‰¹½‘”ˆè€ˆøô€À¸Ğˆ(€€€€€ô°(€€€€€€‰™Õ¹‘¥¹œˆèì(€€€€€€€€‰ÕÉ°ˆè€‰¡ÑÑÁÌè¼½¥Ñ¡Õˆ¹½´½ÍÁ½¹Í½ÉÌ½±©¡…Éˆˆ(€€€€€ô(€€€ô°(€€€€‰¹½‘•}µ½‘Õ±•Ì½İ¡¥ µ½±±•Ñ¥½¸ˆèì(€€€€€€‰Ù•ÉÍ¥½¸ˆè€ˆÄ¸À¸Èˆ°(€€€€€€‰É•Í½±Ù•ˆè€‰¡ÑÑÁÌè¼½É•¥ÍÑÉä¹¹Áµµ¥ÉÉ½È¹½´½İ¡¥ µ½±±•Ñ¥½¸¼´½İ¡¥ µ½±±•Ñ¥½¸´Ä¸À¸È¹Ñèˆ°(€€€€€€‰¥¹Ñ•É¥Ñäˆè€‰Í¡„ÔÄÈµ,Ñ©Yå©¹	‘ÙŒàÙdÙ	­…1i8äÌÍMİe=Õ	­‘µ	Ôåi™­‰‘Y‰Á%Q¹µ©Ùh½…E©IaEÉØÕA­Q¹ÅÌÌå¥¥Å‰¹Üôôˆ°(€€€€€€‰‘•ØˆèÑÉÕ”°(€€€€€€‰±¥•¹Í”ˆè€‰5%Pˆ°(€€€€€€‰‘•Á•¹‘•¹¥•Ìˆèì(€€€€€€€€‰¥Ìµµ…Àˆè€‰xÈ¸À¸Ìˆ°(€€€€€€€€‰¥ÌµÍ•Ğˆè€‰xÈ¸À¸Ìˆ°(€€€€€€€€‰¥Ìµİ•…­µ…Àˆè€‰xÈ¸À¸Èˆ°(€€€€€€€€‰¥Ìµİ•…­Í•Ğˆè€‰xÈ¸À¸Ìˆ(€€€€€ô°(€€€€€€‰•¹¥¹•Ìˆèì(€€€€€€€€‰¹½‘”ˆè€ˆøô€À¸Ğˆ(€€€€€ô°(€€€€€€‰™Õ¹‘¥¹œˆèì(€€€€€€€€‰ÕÉ°ˆè€‰¡ÑÑÁÌè¼½¥Ñ¡Õˆ¹½´½ÍÁ½¹Í½ÉÌ½±©¡…Éˆˆ(€€€€€ô(€€€ô°(€€€€‰¹½‘•}µ½‘Õ±•Ì½İ¡¥ µÑåÁ•µ…ÉÉ…äˆèì(€€€€€€‰Ù•ÉÍ¥½¸ˆè€ˆÄ¸Ä¸ÈÈˆ°(€€€€€€‰É•Í½±Ù•ˆè€‰¡ÑÑÁÌè¼½É•¥ÍÑÉä¹¹Áµµ¥ÉÉ½È¹½´½İ¡¥ µÑåÁ•µ…ÉÉ…ä¼´½İ¡¥ µÑåÁ•µ…ÉÉ…ä´Ä¸Ä¸ÈÈ¹Ñèˆ°(€€€€€€‰¥¹Ñ•É¥Ñäˆè€‰Í¡„ÔÄÈµ™Ù<Ñá]5ÍÅå¡Í¥A=‰5ÕdÅ±á…Åeá‰ŒĞå9‘]=)9EåÙÍ=]Yİ‰iŒ­Å˜ÍÉéIÑá½©	,­5ØÁ1ÕeÁÜôôˆ°(€€€€€€‰‘•ØˆèÑÉÕ”°(€€€€€€‰±¥•¹Í”ˆè€‰5%Pˆ°(€€€€€€‰‘•Á•¹‘•¹¥•Ìˆèì(€€€€€€€€‰…Ù…¥±…‰±”µÑåÁ•µ…ÉÉ…åÌˆè€‰xÄ¸À¸Üˆ°(€€€€€€€€‰…±°µ‰¥¹ˆè€‰xÄ¸À¸äˆ°(€€€€€€€€‰…±°µ‰½Õ¹ˆè€‰xÄ¸À¸Ğˆ°(€€€€€€€€‰™½Èµ•… ˆè€‰xÀ¸Ì¸Ôˆ°(€€€€€€€€‰•ĞµÁÉ½Ñ¼ˆè€‰xÄ¸À¸Äˆ°(€€€€€€€€‰½Áˆè€‰xÄ¸È¸Àˆ°(€€€€€€€€‰¡…ÌµÑ½ÍÑÉ¥¹Ñ…œˆè€‰xÄ¸À¸Èˆ(€€€€€ô°(€€€€€€‰•¹¥¹•Ìˆèì(€€€€€€€€‰¹½‘”ˆè€ˆøô€À¸Ğˆ(€€€€€ô°(€€€€€€‰™Õ¹‘¥¹œˆèì(€€€€€€€€‰ÕÉ°ˆè€‰¡ÑÑÁÌè¼½¥Ñ¡Õˆ¹½´½ÍÁ½¹Í½ÉÌ½±©¡…Éˆˆ(€€€€€ô(€€€ô°(€€€€‰¹½‘•}µ½‘Õ±•Ì½İ½ÉµİÉ…Àˆèì(€€€€€€‰Ù•ÉÍ¥½¸ˆè€ˆÄ¸È¸Ôˆ°(€€€€€€‰É•Í½±Ù•ˆè€‰¡ÑÑÁÌè¼½É•¥ÍÑÉä¹¹Áµ©Ì¹½Éœ½İ½ÉµİÉ…À¼´½İ½ÉµİÉ…À´Ä¸È¸Ô¹Ñèˆ°(€€€€€€‰¥¹Ñ•É¥Ñäˆè€‰Í¡„ÔÄÈµ	8ÈÉÕ•…55$åU5Ñ©ÉÕœÕ•eAÁAUäÁ)a‰eÍ…PÕéeá©=­LÔÍMEÍÁ]­Y½]Á!aYˆÍ	Ée8ÑQİ„ÔÕÕôôˆ°(€€€€€€‰‘•ØˆèÑÉÕ”°(€€€€€€‰±¥•¹Í”ˆè€‰5%Pˆ°(€€€€€€‰•¹¥¹•Ìˆèì(€€€€€€€€‰¹½‘”ˆè€ˆøôÀ¸ÄÀ¸Àˆ(€€€€€ô(€€€ô°(€€€€‰¹½‘•}µ½‘Õ±•Ì½İ½É­‰½àµ‰…­É½Õ¹µÍå¹Œˆèì(€€€€€€‰Ù•ÉÍ¥½¸ˆè€ˆÜ¸Ğ¸Äˆ°(€€€€€€‰É•Í½±Ù•ˆè€‰¡ÑÑÁÌè¼½É•¥ÍÑÉä¹¹Áµµ¥ÉÉ½È¹½´½İ½É­‰½àµ‰…­É½Õ¹µÍå¹Œ¼´½İ½É­‰½àµ‰…­É½Õ¹µÍå¹Œ´Ü¸Ğ¸Ä¹Ñèˆ°(€€€€€€‰¥¹Ñ•É¥Ñäˆè€‰Í¡„ÔÄÈµ!¡Pİ-áÑ=]´ÀÉİI9Í¡aU¹UA½™5±¡•¹É	‘U¹A=Õ‰¡¥ééA•%Ñ­eQµÙÑÅhÉ©eA„äáÙé¥A1Õé¸Õ¡8ØÙœôôˆ°(€€€€€€‰‘•ØˆèÑÉÕ”°(€€€€€€‰±¥•¹Í”ˆè€‰5%Pˆ°(€€€€€€‰‘•Á•¹‘•¹¥•Ìˆèì(€€€€€€€€‰¥‘ˆˆè€‰xÜ¸À¸Äˆ°(€€€€€€€€‰İ½É­‰½àµ½É”ˆè€ˆÜ¸Ğ¸Äˆ(€€€€€ô(€€€ô°(€€€€‰¹½‘•}µ½‘Õ±•Ì½İ½É­‰½àµ‰É½…‘…ÍĞµÕÁ‘…Ñ”ˆèì(€€€€€€‰Ù•ÉÍ¥½¸ˆè€ˆÜ¸Ğ¸Äˆ°(€€€€€€‰É•Í½±Ù•ˆè€‰¡ÑÑÁÌè¼½É•¥ÍÑÉä¹¹Áµµ¥ÉÉ½È¹½´½İ½É­‰½àµ‰É½…‘…ÍĞµÕÁ‘…Ñ”¼´½İ½É­‰½àµ‰É½…‘…ÍĞµÕÁ‘…Ñ”´Ü¸Ğ¸Ä¹Ñèˆ°(€€€€€€‰¥¹Ñ•É¥Ñäˆè€‰Í¡„ÔÄÈµÕ±Í±-1Ù‰Ed­ÍÕ¥É%‘¹	MeÉ	¡©ÀàÅ9¨Ñ°Å±¨½)µ¨Á5)<É)I¹)©PÁYİµI•XÁ8­éÌÜá,ÙÅÕÈä¼­ôôˆ°(€€€€€€‰‘•ØˆèÑÉÕ”°(€€€€€€‰±¥•¹Í”ˆè€‰5%Pˆ°(€€€€€€‰‘•Á•¹‘•¹¥•Ìˆèì(€€€€€€€€‰İ½É­‰½àµ½É”ˆè€ˆÜ¸Ğ¸Äˆ(€€€€€ô(€€€ô°(€€€€‰¹½‘•}µ½‘Õ±•Ì½İ½É­‰½àµ‰Õ¥±ˆèì(€€€€€€‰Ù•ÉÍ¥½¸ˆè€ˆÜ¸Ğ¸Äˆ°(€€€€€€‰É•Í½±Ù•ˆè€‰¡ÑÑÁÌè¼½É•¥ÍÑÉä¹¹Áµµ¥ÉÉ½È¹½´½İ½É­‰½àµ‰Õ¥±¼´½İ½É­‰½àµ‰Õ¥±´Ü¸Ğ¸Ä¹Ñèˆ°(€€€€€€‰¥¹Ñ•É¥Ñäˆè€‰Í¡„ÔÄÈµM¡á%Ù‘”åä¼ÕÜÑe¼Å) ½4ĞåhÁÅÍÄÁ½Ñ•åáéÄÁMáÅY	Ñ%aÕ1ÑµÑáIEi5‰˜ÁÁÉ¼ÑYåÔÍ-	EÕÜôôˆ°(€€€€€€‰‘•ØˆèÑÉÕ”°(€€€€€€‰±¥•¹Í”ˆè€‰5%Pˆ°(€€€€€€‰‘•Á•¹‘•¹¥•Ìˆèì(€€€€€€€€‰…Á¥‘•¬½‰•ÑÑ•Èµ…©Øµ•ÉÉ½ÉÌˆè€‰xÀ¸Ì¸Äˆ°(€€€€€€€€‰‰…‰•°½½É”ˆè€‰xÜ¸ÈĞ¸Ğˆ°(€€€€€€€€‰‰…‰•°½ÁÉ•Í•Ğµ•¹Øˆè€‰xÜ¸ÄÄ¸Àˆ°(€€€€€€€€‰‰…‰•°½ÉÕ¹Ñ¥µ”ˆè€‰xÜ¸ÄÄ¸Èˆ°(€€€€€€€€‰É½±±ÕÀ½Á±Õ¥¸µ‰…‰•°ˆè€‰xØ¸Ä¸Àˆ°(€€€€€€€€‰É½±±ÕÀ½Á±Õ¥¸µ¹½‘”µÉ•Í½±Ù”ˆè€‰xÄØ¸À¸Ìˆ°(€€€€€€€€‰É½±±ÕÀ½Á±Õ¥¸µÉ•Á±…”ˆè€‰xØ¸À¸Ìˆ°(€€€€€€€€‰É½±±ÕÀ½Á±Õ¥¸µÑ•ÉÍ•Èˆè€‰xÄ¸À¸Àˆ°(€€€€€€€€‰ÑÉ¥­™¥±´ĞÀÀ½É½±±ÕÀµÁ±Õ¥¸µ½™˜µµ…¥¸µÑ¡É•…ˆè€‰xÌ¸À¸ÀµÁÉ”Äˆ°(€€€€€€€€‰…©Øˆè€‰xà¸Ø¸Àˆ°(€€€€€€€€‰½µµ½¸µÑ…Ìˆè€‰xÄ¸à¸Àˆ°(€€€€€€€€‰•Ñ„ˆè€‰xĞ¸Ô¸Äˆ°(€€€€€€€€‰™…ÍĞµ©Í½¸µÍÑ…‰±”µÍÑÉ¥¹¥™äˆè€‰xÈ¸Ä¸Àˆ°(€€€€€€€€‰™Ìµ•áÑÉ„ˆè€‰xä¸À¸Äˆ°(€€€€€€€€‰±½ˆˆè€‰xÄÄ¸À¸Äˆ°(€€€€€€€€‰ÁÉ•ÑÑäµ‰åÑ•Ìˆè€‰xÔ¸Ì¸Àˆ°(€€€€€€€€‰É½±±ÕÀˆè€‰xĞ¸ÔÌ¸Ìˆ°(€€€€€€€€‰Í½ÕÉ”µµ…Àˆè€‰xÀ¸à¸Àµ‰•Ñ„¸Àˆ°(€€€€€€€€‰ÍÑÉ¥¹¥™äµ½‰©•Ğˆè€‰xÌ¸Ì¸Àˆ°(€€€€€€€€‰ÍÑÉ¥Àµ½µµ•¹ÑÌˆè€‰xÈ¸À¸Äˆ°(€€€€€€€€‰Ñ•µÁäˆè€‰xÀ¸Ø¸Àˆ°(€€€€€€€€‰ÕÁ…Ñ ˆè€‰xÄ¸È¸Àˆ°(€€€€€€€€‰İ½É­‰½àµ‰…­É½Õ¹µÍå¹Œˆè€ˆÜ¸Ğ¸Äˆ°(€€€€€€€€‰İ½É­‰½àµ‰É½…‘…ÍĞµÕÁ‘…Ñ”ˆè€ˆÜ¸Ğ¸Äˆ°(€€€€€€€€‰İ½É­‰½àµ…¡•…‰±”µÉ•ÍÁ½¹Í”ˆè€ˆÜ¸Ğ¸Äˆ°(€€€€€€€€‰İ½É­‰½àµ½É”ˆè€ˆÜ¸Ğ¸Äˆ°(€€€€€€€€‰İ½É­‰½àµ•áÁ¥É…Ñ¥½¸ˆè€ˆÜ¸Ğ¸Äˆ°(€€€€€€€€‰İ½É­‰½àµ½½±”µ…¹…±åÑ¥Ìˆè€ˆÜ¸Ğ¸Äˆ°(€€€€€€€€‰İ½É­‰½àµ¹…Ù¥…Ñ¥½¸µÁÉ•±½…ˆè€ˆÜ¸Ğ¸Äˆ°(€€€€€€€€‰İ½É­‰½àµÁÉ•…¡¥¹œˆè€ˆÜ¸Ğ¸Äˆ°(€€€€€€€€‰İ½É­‰½àµÉ…¹”µÉ•ÅÕ•ÍÑÌˆè€ˆÜ¸Ğ¸Äˆ°(€€€€€€€€‰İ½É­‰½àµÉ•¥Á•Ìˆè€ˆÜ¸Ğ¸Äˆ°(€€€€€€€€‰İ½É­‰½àµÉ½ÕÑ¥¹œˆè€ˆÜ¸Ğ¸Äˆ°(€€€€€€€€‰İ½É­‰½àµÍÑÉ…Ñ•¥•Ìˆè€ˆÜ¸Ğ¸Äˆ°(€€€€€€€€‰İ½É­‰½àµÍÑÉ•…µÌˆè€ˆÜ¸Ğ¸Äˆ°(€€€€€€€€‰İ½É­‰½àµÍÜˆè€ˆÜ¸Ğ¸Äˆ°(€€€€€€€€‰İ½É­‰½àµİ¥¹‘½Üˆè€ˆÜ¸Ğ¸Äˆ(€€€€€ô°(€€€€€€‰•¹¥¹•Ìˆèì(€€€€€€€€‰¹½‘”ˆè€ˆøôÈÀ¸À¸Àˆ(€€€€€ô(€€€ô°(€€€€‰¹½‘•}µ½‘Õ±•Ì½İ½É­‰½àµ‰Õ¥±½¹½‘•}µ½‘Õ±•Ì½…Á¥‘•¬½‰•ÑÑ•Èµ…©Øµ•ÉÉ½ÉÌˆèì(€€€€€€‰Ù•ÉÍ¥½¸ˆè€ˆÀ¸Ì¸Üˆ°(€€€€€€‰É•Í½±Ù•ˆè€‰¡ÑÑÁÌè¼½É•¥ÍÑÉä¹¹Áµµ¥ÉÉ½È¹½´½…Á¥‘•¬½‰•ÑÑ•Èµ…©Øµ•ÉÉ½ÉÌ¼´½‰•ÑÑ•Èµ…©Øµ•ÉÉ½ÉÌ´À¸Ì¸Ü¹Ñèˆ°(€€€€€€‰¥¹Ñ•É¥Ñäˆè€‰Í¡„ÔÄÈµQ…©U)İ]‰İ­à½i¤İÑIáAYİÍ¥µÙ-)™!UÍM‘ÙÁÌ­…Q4½AA@Ñ­1µ-¹Œ­àÍ¼½äå¤½¹¨ÜÑÅ‘0½¡İ¬İ%Üôôˆ°(€€€€€€‰‘•ØˆèÑÉÕ”°(€€€€€€‰±¥•¹Í”ˆè€‰5%Pˆ°(€€€€€€‰‘•Á•¹‘•¹¥•Ìˆèì(€€€€€€€€‰©Í½¹Á½¥¹Ñ•Èˆè€‰xÔ¸À¸Äˆ°(€€€€€€€€‰±•Ù•¸ˆè€‰xÌ¸Ä¸Àˆ(€€€€€ô°(€€€€€€‰•¹¥¹•Ìˆèì(€€€€€€€€‰¹½‘”ˆè€ˆøôÄÀˆ(€€€€€ô°(€€€€€€‰Á••É•Á•¹‘•¹¥•Ìˆèì(€€€€€€€€‰…©Øˆè€ˆøôàˆ(€€€€€ô(€€€ô°(€€€€‰¹½‘•}µ½‘Õ±•Ì½İ½É­‰½àµ‰Õ¥±½¹½‘•}µ½‘Õ±•Ì½…©Øˆèì(€€€€€€‰Ù•ÉÍ¥½¸ˆè€ˆà¸ÈÀ¸Àˆ°(€€€€€€‰É•Í½±Ù•ˆè€‰¡ÑÑÁÌè¼½É•¥ÍÑÉä¹¹Áµµ¥ÉÉ½È¹½´½…©Ø¼´½…©Ø´à¸ÈÀ¸À¹Ñèˆ°(€€€€€€‰¥¹Ñ•É¥Ñäˆè€‰Í¡„ÔÄÈµQ¡‰±¤­=±=¨­¥5Ae	Y	™(Í=µ¹…Må9¸Ñ4ÅÙèåPÙ­„Õ)Ğå‰„½!%HÔÙ©½äØÕÑdÙ­à½ÕYa9àÄådÜ½UÉ	ôôˆ°(€€€€€€‰‘•ØˆèÑÉÕ”°(€€€€€€‰±¥•¹Í”ˆè€‰5%Pˆ°(€€€€€€‰‘•Á•¹‘•¹¥•Ìˆèì(€€€€€€€€‰™…ÍĞµ‘••Àµ•ÅÕ…°ˆè€‰xÌ¸Ä¸Ìˆ°(€€€€€€€€‰™…ÍĞµÕÉ¤ˆè€‰xÌ¸À¸Äˆ°(€€€€€€€€‰©Í½¸µÍ¡•µ„µÑÉ…Ù•ÉÍ”ˆè€‰xÄ¸À¸Àˆ°(€€€€€€€€‰É•ÅÕ¥É”µ™É½´µÍÑÉ¥¹œˆè€‰xÈ¸À¸Èˆ(€€€€€ô°(€€€€€€‰™Õ¹‘¥¹œˆèì(€€€€€€€€‰ÑåÁ”ˆè€‰¥Ñ¡Õˆˆ°(€€€€€€€€‰ÕÉ°ˆè€‰¡ÑÑÁÌè¼½¥Ñ¡Õˆ¹½´½ÍÁ½¹Í½ÉÌ½•Á½‰•É•é­¥¸ˆ(€€€€€ô(€€€ô°(€€€€‰¹½‘•}µ½‘Õ±•Ì½İ½É­‰½àµ‰Õ¥±½¹½‘•}µ½‘Õ±•Ì½©Í½¸µÍ¡•µ„µÑÉ…Ù•ÉÍ”ˆèì(€€€€€€‰Ù•ÉÍ¥½¸ˆè€ˆÄ¸À¸Àˆ°(€€€€€€‰É•Í½±Ù•ˆè€‰¡ÑÑÁÌè¼½É•¥ÍÑÉä¹¹Áµµ¥ÉÉ½È¹½´½©Í½¸µÍ¡•µ„µÑÉ…Ù•ÉÍ”¼´½©Í½¸µÍ¡•µ„µÑÉ…Ù•ÉÍ”´Ä¸À¸À¹Ñèˆ°(€€€€€€‰¥¹Ñ•É¥Ñäˆè€‰Í¡„ÔÄÈµ94à½@å¸Ía©a¡%i¸Å±1¡­…Q=UIEa©]¡XÑ	½I¹=ØááÙÅÑÅÁ`å%<ÑµIEáMàÅI±¼ÑÑÅé•ÅˆÁÍ=±ÉÕ…=äÍ‘Õœôôˆ°(€€€€€€‰‘•ØˆèÑÉÕ”°(€€€€€€‰±¥•¹Í”ˆè€‰5%Pˆ(€€€ô°(€€€€‰¹½‘•}µ½‘Õ±•Ì½İ½É­‰½àµ‰Õ¥±½¹½‘•}µ½‘Õ±•Ì½ÁÉ•ÑÑäµ‰åÑ•Ìˆèì(€€€€€€‰Ù•ÉÍ¥½¸ˆè€ˆÔ¸Ø¸Àˆ°(€€€€€€‰É•Í½±Ù•ˆè€‰¡ÑÑÁÌè¼½É•¥ÍÑÉä¹¹Áµµ¥ÉÉ½È¹½´½ÁÉ•ÑÑäµ‰åÑ•Ì¼´½ÁÉ•ÑÑäµ‰åÑ•Ì´Ô¸Ø¸À¹Ñèˆ°(€€€€€€‰¥¹Ñ•É¥Ñäˆè€‰Í¡„ÔÄÈµÜÀÌåQµÉ	Å,áµ„¼İ=0ÍÍè½YåÑ‘Ñ)ÈÀĞĞ½EU)Ñ Áİ,å±ˆå©1ÄåÑ)å%áUİÑE)!İ…ÈÉ	ÅÑ¥Ñ¥]Mİ¼å)1­éœôôˆ°(€€€€€€‰‘•ØˆèÑÉÕ”°(€€€€€€‰±¥•¹Í”ˆè€‰5%Pˆ°(€€€€€€‰•¹¥¹•Ìˆèì(€€€€€€€€‰¹½‘”ˆè€ˆøôØˆ(€€€€€ô°(€€€€€€‰™Õ¹‘¥¹œˆèì(€€€€€€€€‰ÕÉ°ˆè€‰¡ÑÑÁÌè¼½¥Ñ¡Õˆ¹½´½ÍÁ½¹Í½ÉÌ½Í¥¹‘É•Í½É¡ÕÌˆ(€€€€€ô(€€€ô°(€€€€‰¹½‘•}µ½‘Õ±•Ì½İ½É­‰½àµ…¡•…‰±”µÉ•ÍÁ½¹Í”ˆèì(€€€€€€‰Ù•ÉÍ¥½¸ˆè€ˆÜ¸Ğ¸Äˆ°(€€€€€€‰É•Í½±Ù•ˆè€‰¡ÑÑÁÌè¼½É•¥ÍÑÉä¹¹Áµµ¥ÉÉ½È¹½´½İ½É­‰½àµ…¡•…‰±”µÉ•ÍÁ½¹Í”¼´½İ½É­‰½àµ…¡•…‰±”µÉ•ÍÁ½¹Í”´Ü¸Ğ¸Ä¹Ñèˆ°(€€€€€€‰¥¹Ñ•É¥Ñäˆè€‰Í¡„ÔÄÈ´áá…½)‘ŒÉ=©É±‰‰0Í•	<Å]-5İIÅİ1IÕÁÅ…¡eaÔÜÕåa…©A1ÕİÉ‰a5É%iÕ]eaÉEİ¬Áá©=áh½Õ©ä½½)eÜôôˆ°(€€€€€€‰‘•ØˆèÑÉÕ”°(€€€€€€‰±¥•¹Í”ˆè€‰5%Pˆ°(€€€€€€‰‘•Á•¹‘•¹¥•Ìˆèì(€€€€€€€€‰İ½É­‰½àµ½É”ˆè€ˆÜ¸Ğ¸Äˆ(€€€€€ô(€€€ô°(€€€€‰¹½‘•}µ½‘Õ±•Ì½İ½É­‰½àµ½É”ˆèì(€€€€€€‰Ù•ÉÍ¥½¸ˆè€ˆÜ¸Ğ¸Äˆ°(€€€€€€‰É•Í½±Ù•ˆè€‰¡ÑÑÁÌè¼½É•¥ÍÑÉä¹¹Áµµ¥ÉÉ½È¹½´½İ½É­‰½àµ½É”¼´½İ½É­‰½àµ½É”´Ü¸Ğ¸Ä¹Ñèˆ°(€€€€€€‰¥¹Ñ•É¥Ñäˆè€‰Í¡„ÔÄÈµP­ÙÔĞÙ• ¼ÉÙIÍM!QdÑaµŒÌÉhÅÉÈåAI±EUaÈÅàÌÁiÕaI]İ=ÍÙiİá…ÍÕ‰E1Eµ‰Q9ei©ØĞÑ1­	DÑÑPÕÑDôôˆ°(€€€€€€‰‘•ØˆèÑÉÕ”°(€€€€€€‰±¥•¹Í”ˆè€‰5%Pˆ(€€€ô°(€€€€‰¹½‘•}µ½‘Õ±•Ì½İ½É­‰½àµ•áÁ¥É…Ñ¥½¸ˆèì(€€€€€€‰Ù•ÉÍ¥½¸ˆè€ˆÜ¸Ğ¸Äˆ°(€€€€€€‰É•Í½±Ù•ˆè€‰¡ÑÑÁÌè¼½É•¥ÍÑÉä¹¹Áµµ¥ÉÉ½È¹½´½İ½É­‰½àµ•áÁ¥É…Ñ¥½¸¼´½İ½É­‰½àµ•áÁ¥É…Ñ¥½¸´Ü¸Ğ¸Ä¹Ñèˆ°(€€€€€€‰¥¹Ñ•É¥Ñäˆè€‰Í¡„ÔÄÈµ±I-Uİˆ­=‰•a­E¬ÅÌÙ5!a=„Íİaá˜İ=˜ÌÅ\ÙŒÙ¡™¥Á™%åÉÑ‘]hàåÍÑÄÈÅ!i5…½İY9½!Á±äÑ=à­ÉTÌÅQ]œôôˆ°(€€€€€€‰‘•ØˆèÑÉÕ”°(€€€€€€‰±¥•¹Í”ˆè€‰5%Pˆ°(€€€€€€‰‘•Á•¹‘•¹¥•Ìˆèì(€€€€€€€€‰¥‘ˆˆè€‰xÜ¸À¸Äˆ°(€€€€€€€€‰İ½É­‰½àµ½É”ˆè€ˆÜ¸Ğ¸Äˆ(€€€€€ô(€€€ô°(€€€€‰¹½‘•}µ½‘Õ±•Ì½İ½É­‰½àµ½½±”µ…¹…±åÑ¥Ìˆèì(€€€€€€‰Ù•ÉÍ¥½¸ˆè€ˆÜ¸Ğ¸Äˆ°(€€€€€€‰É•Í½±Ù•ˆè€‰¡ÑÑÁÌè¼½É•¥ÍÑÉä¹¹Áµµ¥ÉÉ½È¹½´½İ½É­‰½àµ½½±”µ…¹…±åÑ¥Ì¼´½İ½É­‰½àµ½½±”µ…¹…±åÑ¥Ì´Ü¸Ğ¸Ä¹Ñèˆ°(€€€€€€‰¥¹Ñ•É¥Ñäˆè€‰Í¡„ÔÄÈµ5­ÌÅ)İ1Ğ¬­i­ÙÍLÅ=ÁM åIÑ5%Í¥IÁ,­½‘¥!%Aa•…U=¤ÑAŒÍ…‘U°áXÕEA•åÁ¬á=á°Í!±İYé!Üôôˆ°(€€€€€€‰‘•ØˆèÑÉÕ”°(€€€€€€‰±¥•¹Í”ˆè€‰5%Pˆ°(€€€€€€‰‘•Á•¹‘•¹¥•Ìˆèì(€€€€€€€€‰İ½É­‰½àµ‰…­É½Õ¹µÍå¹Œˆè€ˆÜ¸Ğ¸Äˆ°(€€€€€€€€‰İ½É­‰½àµ½É”ˆè€ˆÜ¸Ğ¸Äˆ°(€€€€€€€€‰İ½É­‰½àµÉ½ÕÑ¥¹œˆè€ˆÜ¸Ğ¸Äˆ°(€€€€€€€€‰İ½É­‰½àµÍÑÉ…Ñ•¥•Ìˆè€ˆÜ¸Ğ¸Äˆ(€€€€€ô(€€€ô°(€€€€‰¹½‘•}µ½‘Õ±•Ì½İ½É­‰½àµ¹…Ù¥…Ñ¥½¸µÁÉ•±½…ˆèì(€€€€€€‰Ù•ÉÍ¥½¸ˆè€ˆÜ¸Ğ¸Äˆ°(€€€€€€‰É•Í½±Ù•ˆè€‰¡ÑÑÁÌè¼½É•¥ÍÑÉä¹¹Áµµ¥ÉÉ½È¹½´½İ½É­‰½àµ¹…Ù¥…Ñ¥½¸µÁÉ•±½…¼´½İ½É­‰½àµ¹…Ù¥…Ñ¥½¸µÁÉ•±½…´Ü¸Ğ¸Ä¹Ñèˆ°(€€€€€€‰¥¹Ñ•É¥Ñäˆè€‰Í¡„ÔÄÈµÑ-YÍ©Ae-)=¡ÈØÌÅáHåa½ÉÉ1ÍE¥Q¬Õ…5ØÌÙ5a=©Ñ]Ù´á…áİ9Ñ-UAÍ]Uİ1aa5e4Å¸İ™ÍÙ¹‘…a•aIDôôˆ°(€€€€€€‰‘•ØˆèÑÉÕ”°(€€€€€€‰±¥•¹Í”ˆè€‰5%Pˆ°(€€€€€€‰‘•Á•¹‘•¹¥•Ìˆèì(€€€€€€€€‰İ½É­‰½àµ½É”ˆè€ˆÜ¸Ğ¸Äˆ(€€€€€ô(€€€ô°(€€€€‰¹½‘•}µ½‘Õ±•Ì½İ½É­‰½àµÁÉ•…¡¥¹œˆèì(€€€€€€‰Ù•ÉÍ¥½¸ˆè€ˆÜ¸Ğ¸Äˆ°(€€€€€€‰É•Í½±Ù•ˆè€‰¡ÑÑÁÌè¼½É•¥ÍÑÉä¹¹Áµµ¥ÉÉ½È¹½´½İ½É­‰½àµÁÉ•…¡¥¹œ¼´½İ½É­‰½àµÁÉ•…¡¥¹œ´Ü¸Ğ¸Ä¹Ñèˆ°(€€€€€€‰¥¹Ñ•É¥Ñäˆè€‰Í¡„ÔÄÈµ‘È¼åÅ	åİÜİåéÀİéœ½Å$ÑÕ­UÉÉ9©E18­=9EIÁ©ä½YÅEaİ­!İÈÀÁ-­Í),áØÁY¥™İa	ˆá„Ñ]9i ÜÅ©¸ÍDôôˆ°(€€€€€€‰‘•ØˆèÑÉÕ”°(€€€€€€‰±¥•¹Í”ˆè€‰5%Pˆ°(€€€€€€‰‘•Á•¹‘•¹¥•Ìˆèì(€€€€€€€€‰İ½É­‰½àµ½É”ˆè€ˆÜ¸Ğ¸Äˆ°(€€€€€€€€‰İ½É­‰½àµÉ½ÕÑ¥¹œˆè€ˆÜ¸Ğ¸Äˆ°(€€€€€€€€‰İ½É­‰½àµÍÑÉ…Ñ•¥•Ìˆè€ˆÜ¸Ğ¸Äˆ(€€€€€ô(€€€ô°(€€€€‰¹½‘•}µ½‘Õ±•Ì½İ½É­‰½àµÉ…¹”µÉ•ÅÕ•ÍÑÌˆèì(€€€€€€‰Ù•ÉÍ¥½¸ˆè€ˆÜ¸Ğ¸Äˆ°(€€€€€€‰É•Í½±Ù•ˆè€‰¡ÑÑÁÌè¼½É•¥ÍÑÉä¹¹Áµµ¥ÉÉ½È¹½´½İ½É­‰½àµÉ…¹”µÉ•ÅÕ•ÍÑÌ¼´½İ½É­‰½àµÉ…¹”µÉ•ÅÕ•ÍÑÌ´Ü¸Ğ¸Ä¹Ñèˆ°(€€€€€€‰¥¹Ñ•É¥Ñäˆè€‰Í¡„ÔÄÈ´İ¤É½áUàÉ!‘)	DÀÑ)é9=‘IAÅéÕ=é™½Uå)ÁMµ•Å	9eAÉ áA½A©UEQ™À­9åİÉÉ ØáYÑÕáÅáØÁÙDôôˆ°(€€€€€€‰‘•ØˆèÑÉÕ”°(€€€€€€‰±¥•¹Í”ˆè€‰5%Pˆ°(€€€€€€‰‘•Á•¹‘•¹¥•Ìˆèì(€€€€€€€€‰İ½É­‰½àµ½É”ˆè€ˆÜ¸Ğ¸Äˆ(€€€€€ô(€€€ô°(€€€€‰¹½‘•}µ½‘Õ±•Ì½İ½É­‰½àµÉ•¥Á•Ìˆèì(€€€€€€‰Ù•ÉÍ¥½¸ˆè€ˆÜ¸Ğ¸Äˆ°(€€€€€€‰É•Í½±Ù•ˆè€‰¡ÑÑÁÌè¼½É•¥ÍÑÉä¹¹Áµµ¥ÉÉ½È¹½´½İ½É­‰½àµÉ•¥Á•Ì¼´½İ½É­‰½àµÉ•¥Á•Ì´Ü¸Ğ¸Ä¹Ñèˆ°(€€€€€€‰¥¹Ñ•É¥Ñäˆè€‰Í¡„ÔÄÈµ¹‰Y™µXĞ½QÑµE…4ÑàåÑÕa¡‘ÍÑ)Í•ÀÍa5Y•éÑ=ÉEYAP­HØ¬Ù•	©QDİ™a´¬Ñ!UÕY	Qå¤Ô¬Ñ]•½œôôˆ°(€€€€€€‰‘•ØˆèÑÉÕ”°(€€€€€€‰±¥•¹Í”ˆè€‰5%Pˆ°(€€€€€€‰‘•Á•¹‘•¹¥•Ìˆèì(€€€€€€€€‰İ½É­‰½àµ…¡•…‰±”µÉ•ÍÁ½¹Í”ˆè€ˆÜ¸Ğ¸Äˆ°(€€€€€€€€‰İ½É­‰½àµ½É”ˆè€ˆÜ¸Ğ¸Äˆ°(€€€€€€€€‰İ½É­‰½àµ•áÁ¥É…Ñ¥½¸ˆè€ˆÜ¸Ğ¸Äˆ°(€€€€€€€€‰İ½É­‰½àµÁÉ•…¡¥¹œˆè€ˆÜ¸Ğ¸Äˆ°(€€€€€€€€‰İ½É­‰½àµÉ½ÕÑ¥¹œˆè€ˆÜ¸Ğ¸Äˆ°(€€€€€€€€‰İ½É­‰½àµÍÑÉ…Ñ•¥•Ìˆè€ˆÜ¸Ğ¸Äˆ(€€€€€ô(€€€ô°(€€€€‰¹½‘•}µ½‘Õ±•Ì½İ½É­‰½àµÉ½ÕÑ¥¹œˆèì(€€€€€€‰Ù•ÉÍ¥½¸ˆè€ˆÜ¸Ğ¸Äˆ°(€€€€€€‰É•Í½±Ù•ˆè€‰¡ÑÑÁÌè¼½É•¥ÍÑÉä¹¹Áµµ¥ÉÉ½È¹½´½İ½É­‰½àµÉ½ÕÑ¥¹œ¼´½İ½É­‰½àµÉ½ÕÑ¥¹œ´Ü¸Ğ¸Ä¹Ñèˆ°(€€€€€€‰¥¹Ñ•É¥Ñäˆè€‰Í¡„ÔÄÈµåÕ‰)Éi=ÕÍÕ¥‘•¹…0ÕåÁ™¡E=„İÕÉá@½˜áÁİÌİAˆĞÀÌåI¥]aU]	åU­µU½=0½	E•¸Í Á(ààÜÉÔÅ%eáÑôôˆ°(€€€€€€‰‘•ØˆèÑÉÕ”°(€€€€€€‰±¥•¹Í”ˆè€‰5%Pˆ°(€€€€€€‰‘•Á•¹‘•¹¥•Ìˆèì(€€€€€€€€‰İ½É­‰½àµ½É”ˆè€ˆÜ¸Ğ¸Äˆ(€€€€€ô(€€€ô°(€€€€‰¹½‘•}µ½‘Õ±•Ì½İ½É­‰½àµÍÑÉ…Ñ•¥•Ìˆèì(€€€€€€‰Ù•ÉÍ¥½¸ˆè€ˆÜ¸Ğ¸Äˆ°(€€€€€€‰É•Í½±Ù•ˆè€‰¡ÑÑÁÌè¼½É•¥ÍÑÉä¹¹Áµµ¥ÉÉ½È¹½´½İ½É­‰½àµÍÑÉ…Ñ•¥•Ì¼´½İ½É­‰½àµÍÑÉ…Ñ•¥•Ì´Ü¸Ğ¸Ä¹Ñèˆ°(€€€€€€‰¥¹Ñ•É¥Ñäˆè€‰Í¡„ÔÄÈµiáÁ…Üå9‰µ=•±¨ÜØØİÕhÉ­Á¬Õ	Á=‰<Ñ`ÁÅ©İ Õ±ÌáaDá­1¡„Õ1E¡Q¥UéÍQML­9±UÁ™Ñeå=YaÙEUÉÅ=Dôôˆ°(€€€€€€‰‘•ØˆèÑÉÕ”°(€€€€€€‰±¥•¹Í”ˆè€‰5%Pˆ°(€€€€€€‰‘•Á•¹‘•¹¥•Ìˆèì(€€€€€€€€‰İ½É­‰½àµ½É”ˆè€ˆÜ¸Ğ¸Äˆ(€€€€€ô(€€€ô°(€€€€‰¹½‘•}µ½‘Õ±•Ì½İ½É­‰½àµÍÑÉ•…µÌˆèì(€€€€€€‰Ù•ÉÍ¥½¸ˆè€ˆÜ¸Ğ¸Äˆ°(€€€€€€‰É•Í½±Ù•ˆè€‰¡ÑÑÁÌè¼½É•¥ÍÑÉä¹¹Áµµ¥ÉÉ½È¹½´½İ½É­‰½àµÍÑÉ•…µÌ¼´½İ½É­‰½àµÍÑÉ•…µÌ´Ü¸Ğ¸Ä¹Ñèˆ°(€€€€€€‰¥¹Ñ•É¥Ñäˆè€‰Í¡„ÔÄÈµ!]]ÑÉ…-U‰)­¹å­ÅÁDÍÄÄÑ!=AeÙÅÌá!…)5ÌÉ•‰19¥µ­Y…]™aÙe‰°­´áTÙ-ÍÙÁ]å1eÕ¥]µ¹aÜôôˆ°(€€€€€€‰‘•ØˆèÑÉÕ”°(€€€€€€‰±¥•¹Í”ˆè€‰5%Pˆ°(€€€€€€‰‘•Á•¹‘•¹¥•Ìˆèì(€€€€€€€€‰İ½É­‰½àµ½É”ˆè€ˆÜ¸Ğ¸Äˆ°(€€€€€€€€‰İ½É­‰½àµÉ½ÕÑ¥¹œˆè€ˆÜ¸Ğ¸Äˆ(€€€€€ô(€€€ô°(€€€€‰¹½‘•}µ½‘Õ±•Ì½İ½É­‰½àµÍÜˆèì(€€€€€€‰Ù•ÉÍ¥½¸ˆè€ˆÜ¸Ğ¸Äˆ°(€€€€€€‰É•Í½±Ù•ˆè€‰¡ÑÑÁÌè¼½É•¥ÍÑÉä¹¹Áµµ¥ÉÉ½È¹½´½İ½É­‰½àµÍÜ¼´½İ½É­‰½àµÍÜ´Ü¸Ğ¸Ä¹Ñèˆ°(€€€€€€‰¥¹Ñ•É¥Ñäˆè€‰Í¡„ÔÄÈµ™•èÕ˜ÉU±)]Qe­]EÁdÄÁ8áÑéÑàĞå9Íİ‰Y¬ÁE±M4Ñ!PÕáàÑœÑ¥¤ØÔÁå•´Ñ$áÑ!dÁHİ)i…¡İÀÍ±Ñ%AÜôôˆ°(€€€€€€‰‘•ØˆèÑÉÕ”°(€€€€€€‰±¥•¹Í”ˆè€‰5%Pˆ(€€€ô°(€€€€‰¹½‘•}µ½‘Õ±•Ì½İ½É­‰½àµİ¥¹‘½Üˆèì(€€€€€€‰Ù•ÉÍ¥½¸ˆè€ˆÜ¸Ğ¸Äˆ°(€€€€€€‰É•Í½±Ù•ˆè€‰¡ÑÑÁÌè¼½É•¥ÍÑÉä¹¹Áµµ¥ÉÉ½È¹½´½İ½É­‰½àµİ¥¹‘½Ü¼´½İ½É­‰½àµİ¥¹‘½Ü´Ü¸Ğ¸Ä¹Ñèˆ°(€€€€€€‰¥¹Ñ•É¥Ñäˆè€‰Í¡„ÔÄÈµ¹½Ñi ÉÔáYa…ÅåÕİá…Å%™¤ÙMI4ÑMUMİ•İ”åAÍYÅÕ•Áá`Éi5dÍÕÙÕiáédÕi=Í½ÙÍ¼ÍÍµÑ)ĞĞ½ôôˆ°(€€€€€€‰‘•ØˆèÑÉÕ”°(€€€€€€‰±¥•¹Í”ˆè€‰5%Pˆ°(€€€€€€‰‘•Á•¹‘•¹¥•Ìˆèì(€€€€€€€€‰ÑåÁ•Ì½ÑÉÕÍÑ•µÑåÁ•Ìˆè€‰xÈ¸À¸Èˆ°(€€€€€€€€‰İ½É­‰½àµ½É”ˆè€ˆÜ¸Ğ¸Äˆ(€€€€€ô(€€€ô°(€€€€‰¹½‘•}µ½‘Õ±•Ì½áÑ•¹ˆèì(€€€€€€‰Ù•ÉÍ¥½¸ˆè€ˆĞ¸À¸Èˆ°(€€€€€€‰É•Í½±Ù•ˆè€‰¡ÑÑÁÌè¼½É•¥ÍÑÉä¹¹Áµµ¥ÉÉ½È¹½´½áÑ•¹¼´½áÑ•¹´Ğ¸À¸È¹Ñèˆ°(€€€€€€‰¥¹Ñ•É¥Ñäˆè€‰Í¡„ÔÄÈµ1-eTÅ¥a)aUa¸åUI©¥Ô­5]¡åUa!ÍÙ™ÀİµÕe´å‘MU-,À½©ÑÉUİáàÈ½µ]‰Ñ1Í©%…Áİ%Í½ÑéÉQDôôˆ°(€€€€€€‰±¥•¹Í”ˆè€‰5%Pˆ°(€€€€€€‰•¹¥¹•Ìˆèì(€€€€€€€€‰¹½‘”ˆè€ˆøôÀ¸Ğˆ(€€€€€ô(€€€ô°(€€€€‰¹½‘•}µ½‘Õ±•Ì½å…±±¥ÍĞˆèì(€€€€€€‰Ù•ÉÍ¥½¸ˆè€ˆÌ¸Ä¸Äˆ°(€€€€€€‰É•Í½±Ù•ˆè€‰¡ÑÑÁÌè¼½É•¥ÍÑÉä¹¹Áµ©Ì¹½Éœ½å…±±¥ÍĞ¼´½å…±±¥ÍĞ´Ì¸Ä¸Ä¹Ñèˆ°(€€€€€€‰¥¹Ñ•É¥Ñäˆè€‰Í¡„ÔÄÈµ„ÑUE…]A Ôåµ=aUe¹É•İ¹ELÑ¤ÑĞÍQØÍ)½4­ÌÉYµLå9Í,áÁ51É!A­ÍPİ Í,ÙQ=½U9¸ÉÁˆİI½aàÑœôôˆ°(€€€€€€‰‘•ØˆèÑÉÕ”°(€€€€€€‰±¥•¹Í”ˆè€‰%Mˆ(€€€ô°(€€€€‰¹½‘•}µ½‘Õ±•Ì½å½Ñ¼µÅÕ•Õ”ˆèì(€€€€€€‰Ù•ÉÍ¥½¸ˆè€ˆÀ¸Ä¸Àˆ°(€€€€€€‰É•Í½±Ù•ˆè€‰¡ÑÑÁÌè¼½É•¥ÍÑÉä¹¹Áµ©Ì¹½Éœ½å½Ñ¼µÅÕ•Õ”¼´½å½Ñ¼µÅÕ•Õ”´À¸Ä¸À¹Ñèˆ°(€€€€€€‰¥¹Ñ•É¥Ñäˆè€‰Í¡„ÔÄÈµÉY­ÍÙÍ¹9‘(½½¡ŒÙáAİå8á•¡•áÍ¥14áµáÕ½Ğ½µ=YÅ)•İAÕ<Åµ¥1ÁQ!E¥IQ-1•á0Ñ5•Y…ÑÌİ!µ9hÉDôôˆ°(€€€€€€‰‘•ØˆèÑÉÕ”°(€€€€€€‰±¥•¹Í”ˆè€‰5%Pˆ°(€€€€€€‰•¹¥¹•Ìˆèì(€€€€€€€€‰¹½‘”ˆè€ˆøôÄÀˆ(€€€€€ô°(€€€€€€‰™Õ¹‘¥¹œˆèì(€€€€€€€€‰ÕÉ°ˆè€‰¡ÑÑÁÌè¼½¥Ñ¡Õˆ¹½´½ÍÁ½¹Í½ÉÌ½Í¥¹‘É•Í½É¡ÕÌˆ(€€€€€ô(€€€ô°(€€€€‰¹½‘•}µ½‘Õ±•Ì½é½ˆèì(€€€€€€‰Ù•ÉÍ¥½¸ˆè€ˆÌ¸ÈÔ¸ÜØˆ°(€€€€€€‰É•Í½±Ù•ˆè€‰¡ÑÑÁÌè¼½É•¥ÍÑÉä¹¹Áµµ¥ÉÉ½È¹½´½é½¼´½é½´Ì¸ÈÔ¸ÜØ¹Ñèˆ°(€€€€€€‰¥¹Ñ•É¥Ñäˆè€‰Í¡„ÔÄÈµéUĞ½ÅĞàÅ¹aÍ-%Íe¹™àÕ9­Õ¹™¹±ÙÕ	MMLÀÉ‰aÔÑ1µ•„Á%Uİ‰1]á]AàÍåÀáLÕE½…Õ©-9EáDôôˆ°(€€€€€€‰±¥•¹Í”ˆè€‰5%Pˆ°(€€€€€€‰™Õ¹‘¥¹œˆèì(€€€€€€€€‰ÕÉ°ˆè€‰¡ÑÑÁÌè¼½¥Ñ¡Õˆ¹½´½ÍÁ½¹Í½ÉÌ½½±¥¹¡…­Ìˆ(€€€€€ô(€€€ô°(€€€€‰¹½‘•}µ½‘Õ±•Ì½éÕÍÑ…¹ˆèì(€€€€€€‰Ù•ÉÍ¥½¸ˆè€ˆÔ¸À¸ÄÈˆ°(€€€€€€‰É•Í½±Ù•ˆè€‰¡ÑÑÁÌè¼½É•¥ÍÑÉä¹¹Áµ©Ì¹½Éœ½éÕÍÑ…¹¼´½éÕÍÑ…¹´Ô¸À¸ÄÈ¹Ñèˆ°(€€€€€€‰¥¹Ñ•É¥Ñäˆè€‰Í¡„ÔÄÈµ¤Üİ…”Í…iÄÑ‘¡5±I¡)Ye51-ÕM¥i…UAĞÉ­ÍáD­=Ñ¥µ¡5‘a±©IPÈÅ@Õ	9Á•PÑ­a±1%­Ù­A4ÀÈå=±©İœôôˆ°(€€€€€€‰±¥•¹Í”ˆè€‰5%Pˆ°(€€€€€€‰•¹¥¹•Ìˆèì(€€€€€€€€‰¹½‘”ˆè€ˆøôÄÈ¸ÈÀ¸Àˆ(€€€€€ô°(€€€€€€‰Á••É•Á•¹‘•¹¥•Ìˆèì(€€€€€€€€‰ÑåÁ•Ì½É•…Ğˆè€ˆøôÄà¸À¸Àˆ°(€€€€€€€€‰¥µµ•Èˆè€ˆøôä¸À¸Øˆ°(€€€€€€€€‰É•…Ğˆè€ˆøôÄà¸À¸Àˆ°(€€€€€€€€‰ÕÍ”µÍå¹Œµ•áÑ•É¹…°µÍÑ½É”ˆè€ˆøôÄ¸È¸Àˆ(€€€€€ô°(€€€€€€‰Á••É•Á•¹‘•¹¥•Í5•Ñ„ˆèì(€€€€€€€€‰ÑåÁ•Ì½É•…Ğˆèì(€€€€€€€€€€‰½ÁÑ¥½¹…°ˆèÑÉÕ”(€€€€€€€ô°(€€€€€€€€‰¥µµ•Èˆèì(€€€€€€€€€€‰½ÁÑ¥½¹…°ˆèÑÉÕ”(€€€€€€€ô°(€€€€€€€€‰É•…Ğˆèì(€€€€€€€€€€‰½ÁÑ¥½¹…°ˆèÑÉÕ”(€€€€€€€ô°(€€€€€€€€‰ÕÍ”µÍå¹Œµ•áÑ•É¹…°µÍÑ½É”ˆèì(€€€€€€€€€€‰½ÁÑ¥½¹…°ˆèÑÉÕ”(€€€€€€€ô(€€€€€ô(€€€ô°(€€€€‰¹½‘•}µ½‘Õ±•Ì½éİ¥Ñ ˆèì(€€€€€€‰Ù•ÉÍ¥½¸ˆè€ˆÈ¸À¸Ğˆ°(€€€€€€‰É•Í½±Ù•ˆè€‰¡ÑÑÁÌè¼½É•¥ÍÑÉä¹¹Áµ©Ì¹½Éœ½éİ¥Ñ ¼´½éİ¥Ñ ´È¸À¸Ğ¹Ñèˆ°(€€€€€€‰¥¹Ñ•É¥Ñäˆè€‰Í¡„ÔÄÈµ‰aÑH½­Yi¡-i`½I©A™±!…-Y¡UY°àÕ¹½TÍØÙˆá…Á™EŒÅàÑ­é	á©hÑ±8á1ÅÙ]hÍ‘°äáÁdÑ¼ÜÄİYµ½AÀ­ôôˆ°(€€€€€€‰±¥•¹Í”ˆè€‰5%Pˆ°(€€€€€€‰™Õ¹‘¥¹œˆèì(€€€€€€€€‰ÑåÁ”ˆè€‰¥Ñ¡Õˆˆ°(€€€€€€€€‰ÕÉ°ˆè€‰¡ÑÑÁÌè¼½¥Ñ¡Õˆ¹½´½ÍÁ½¹Í½ÉÌ½İ½½½É´ˆ(€€€€€ô(€€€ô(€ô)ô